
Microsoft Visual Studio Solution File, Format Version 12.00
# Visual Studio Version 16
VisualStudioVersion = 16.0.32929.386
MinimumVisualStudioVersion = 10.0.40219.1
Project("{9A19103F-16F7-4668-BE54-9A1E7A4F7556}") = "Owner.API", "Owner.API\Owner.API.csproj", "{61E76C70-D242-4677-912E-96CFD493A00E}"
EndProject
Project("{FAE04EC0-301F-11D3-BF4B-00C04F79EFBC}") = "Owner.Business", "Owner.Business\Owner.Business.csproj", "{4463CD71-9AAC-4EB9-A8E6-0559933F4973}"
EndProject
Project("{FAE04EC0-301F-11D3-BF4B-00C04F79EFBC}") = "Owner.DataAccess", "Owner.DataAccess\Owner.DataAccess.csproj", "{AAA50FE9-A98C-4FB6-906F-53564B662F32}"
EndProject
Project("{FAE04EC0-301F-11D3-BF4B-00C04F79EFBC}") = "Owner.Entities", "Owner.Entities\Owner.Entities.csproj", "{74042E98-FF0C-45EB-A92E-BF30296C1343}"
EndProject
Project("{FAE04EC0-301F-11D3-BF4B-00C04F79EFBC}") = "Owner.Core", "Owner.Core\Owner.Core.csproj", "{26B96831-5CB5-4E75-9D02-9280956890D6}"
EndProject
Global
	GlobalSection(SolutionConfigurationPlatforms) = preSolution
		Debug|Any CPU = Debug|Any CPU
		Release|Any CPU = Release|Any CPU
	EndGlobalSection
	GlobalSection(ProjectConfigurationPlatforms) = postSolution
		{61E76C70-D242-4677-912E-96CFD493A00E}.Debug|Any CPU.ActiveCfg = Debug|Any CPU
		{61E76C70-D242-4677-912E-96CFD493A00E}.Debug|Any CPU.Build.0 = Debug|Any CPU
		{61E76C70-D242-4677-912E-96CFD493A00E}.Release|Any CPU.ActiveCfg = Release|Any CPU
		{61E76C70-D242-4677-912E-96CFD493A00E}.Release|Any CPU.Build.0 = Release|Any CPU
		{4463CD71-9AAC-4EB9-A8E6-0559933F4973}.Debug|Any CPU.ActiveCfg = Debug|Any CPU
		{4463CD71-9AAC-4EB9-A8E6-0559933F4973}.Debug|Any CPU.Build.0 = Debug|Any CPU
		{4463CD71-9AAC-4EB9-A8E6-0559933F4973}.Release|Any CPU.ActiveCfg = Release|Any CPU
		{4463CD71-9AAC-4EB9-A8E6-0559933F4973}.Release|Any CPU.Build.0 = Release|Any CPU
		{AAA50FE9-A98C-4FB6-906F-53564B662F32}.Debug|Any CPU.ActiveCfg = Debug|Any CPU
		{AAA50FE9-A98C-4FB6-906F-53564B662F32}.Debug|Any CPU.Build.0 = Debug|Any CPU
		{AAA50FE9-A98C-4FB6-906F-53564B662F32}.Release|Any CPU.ActiveCfg = Release|Any CPU
		{AAA50FE9-A98C-4FB6-906F-53564B662F32}.Release|Any CPU.Build.0 = Release|Any CPU
		{74042E98-FF0C-45EB-A92E-BF30296C1343}.Debug|Any CPU.ActiveCfg = Debug|Any CPU
		{74042E98-FF0C-45EB-A92E-BF30296C1343}.Debug|Any CPU.Build.0 = Debug|Any CPU
		{74042E98-FF0C-45EB-A92E-BF30296C1343}.Release|Any CPU.ActiveCfg = Release|Any CPU
		{74042E98-FF0C-45EB-A92E-BF30296C1343}.Release|Any CPU.Build.0 = Release|Any CPU
		{26B96831-5CB5-4E75-9D02-9280956890D6}.Debug|Any CPU.ActiveCfg = Debug|Any CPU
		{26B96831-5CB5-4E75-9D02-9280956890D6}.Debug|Any CPU.Build.0 = Debug|Any CPU
		{26B96831-5CB5-4E75-9D02-9280956890D6}.Release|Any CPU.ActiveCfg = Release|Any CPU
		{26B96831-5CB5-4E75-9D02-9280956890D6}.Release|Any CPU.Build.0 = Release|Any CPU
	EndGlobalSection
	GlobalSection(SolutionProperties) = preSolution
		HideSolutionNode = FALSE
	EndGlobalSection
	GlobalSection(ExtensibilityGlobals) = postSolution
		SolutionGuid = {27568398-4939-4D8A-9C93-95D955F46341}
	EndGlobalSection
EndGlobal
